Microsoft Visual Studio Solution File, Format Version 12.00
# Visual Studio Version 17
VisualStudioVersion = 17.5.2.0
MinimumVisualStudioVersion = 10.0.40219.1
Project("{FAE04EC0-301F-11D3-BF4B-00C04F79EFBC}") = "CitasMedicasApp", "CitasMedicasApp\CitasMedicasApp.csproj", "{00077890-7035-ADD3-862E-12558B709E55}"
EndProject
Global
	GlobalSection(SolutionConfigurationPlatforms) = preSolution
		Debug|Any CPU = Debug|Any CPU
		Release|Any CPU = Release|Any CPU
	EndGlobalSection
	GlobalSection(ProjectConfigurationPlatforms) = postSolution
		{00077890-7035-ADD3-862E-12558B709E55}.Debug|Any CPU.ActiveCfg = Debug|Any CPU
		{00077890-7035-ADD3-862E-12558B709E55}.Debug|Any CPU.Build.0 = Debug|Any CPU
		{00077890-7035-ADD3-862E-12558B709E55}.Release|Any CPU.ActiveCfg = Release|Any CPU
		{00077890-7035-ADD3-862E-12558B709E55}.Release|Any CPU.Build.0 = Release|Any CPU
	EndGlobalSection
	GlobalSection(SolutionProperties) = preSolution
		HideSolutionNode = FALSE
	EndGlobalSection
	GlobalSection(ExtensibilityGlobals) = postSolution
		SolutionGuid = {9E8142BD-6581-4C67-937D-261C5C25E58B}
	EndGlobalSection
EndGlobal
